
Microsoft Visual Studio Solution File, Format Version 12.00
# Visual Studio Version 17
VisualStudioVersion = 17.5.33414.496
MinimumVisualStudioVersion = 10.0.40219.1
Project("{778DAE3C-4631-46EA-AA77-85C1314464D9}") = "MyFirstWinForm", "MyFirstWinForm.vbproj", "{3915909A-AD7B-4736-BCD2-E271F1205E88}"
EndProject
Global
	GlobalSection(SolutionConfigurationPlatforms) = preSolution
		Debug|Any CPU = Debug|Any CPU
		Release|Any CPU = Release|Any CPU
	EndGlobalSection
	GlobalSection(ProjectConfigurationPlatforms) = postSolution
		{3915909A-AD7B-4736-BCD2-E271F1205E88}.Debug|Any CPU.ActiveCfg = Release|Any CPU
		{3915909A-AD7B-4736-BCD2-E271F1205E88}.Debug|Any CPU.Build.0 = Release|Any CPU
		{3915909A-AD7B-4736-BCD2-E271F1205E88}.Release|Any CPU.ActiveCfg = Release|Any CPU
		{3915909A-AD7B-4736-BCD2-E271F1205E88}.Release|Any CPU.Build.0 = Release|Any CPU
	EndGlobalSection
	GlobalSection(SolutionProperties) = preSolution
		HideSolutionNode = FALSE
	EndGlobalSection
	GlobalSection(ExtensibilityGlobals) = postSolution
		SolutionGuid = {4C2D2870-E2C0-4DAA-A72A-83C9FBA2C0ED}
	EndGlobalSection
EndGlobal
